// !$*UTF8*$!
{
	archiveVersion = 1;
	classes = {
	};
	objectVersion = 46;
	objects = {

/* Begin PBXBuildFile section */
		CEF681931A5E3223008E4986 /* main.m in Sources */ = {isa = PBXBuildFile; fileRef = CEF681921A5E3223008E4986 /* main.m */; };
		CEF681961A5E3223008E4986 /* AppDelegate.m in Sources */ = {isa = PBXBuildFile; fileRef = CEF681951A5E3223008E4986 /* AppDelegate.m */; };
		CEF681991A5E3223008E4986 /* ViewController.m in Sources */ = {isa = PBXBuildFile; fileRef = CEF681981A5E3223008E4986 /* ViewController.m */; };
		CEF6819C1A5E3223008E4986 /* Main.storyboard in Resources */ = {isa = PBXBuildFile; fileRef = CEF6819A1A5E3223008E4986 /* Main.storyboard */; };
		CEF6819E1A5E3223008E4986 /* Images.xcassets in Resources */ = {isa = PBXBuildFile; fileRef = CEF6819D1A5E3223008E4986 /* Images.xcassets */; };
		CEF681A11A5E3223008E4986 /* LaunchScreen.xib in Resources */ = {isa = PBXBuildFile; fileRef = CEF6819F1A5E3223008E4986 /* LaunchScreen.xib */; };
		CEF681AD1A5E3223008E4986 /* LHFakeDataBuidlerTests.m in Sources */ = {isa = PBXBuildFile; fileRef = CEF681AC1A5E3223008E4986 /* LHFakeDataBuidlerTests.m */; };
		CEF681B91A5E326D008E4986 /* LHFakeDataBuilder.m in Sources */ = {isa = PBXBuildFile; fileRef = CEF681B81A5E326D008E4986 /* LHFakeDataBuilder.m */; };
/* End PBXBuildFile section */

/* Begin PBXContainerItemProxy section */
		CEF681A71A5E3223008E4986 /* PBXContainerItemProxy */ = {
			isa = PBXContainerItemProxy;
			containerPortal = CEF681851A5E3223008E4986 /* Project object */;
			proxyType = 1;
			remoteGlobalIDString = CEF6818C1A5E3223008E4986;
			remoteInfo = LHFakeDataBuidler;
		};
/* End PBXContainerItemProxy section */

/* Begin PBXFileReference section */
		CEF6818D1A5E3223008E4986 /* LHFakeDataBuidler.app */ = {isa = PBXFileReference; explicitFileType = wrapper.application; includeInIndex = 0; path = LHFakeDataBuidler.app; sourceTree = BUILT_PRODUCTS_DIR; };
		CEF681911A5E3223008E4986 /* Info.plist */ = {isa = PBXFileReference; lastKnownFileType = text.plist.xml; path = Info.plist; sourceTree = "<group>"; };
		CEF681921A5E3223008E4986 /* main.m */ = {isa = PBXFileReference; lastKnownFileType = sourcecode.c.objc; path = main.m; sourceTree = "<group>"; };
		CEF681941A5E3223008E4986 /* AppDelegate.h */ = {isa = PBXFileReference; lastKnownFileType = sourcecode.c.h; path = AppDelegate.h; sourceTree = "<group>"; };
		CEF681951A5E3223008E4986 /* AppDelegate.m */ = {isa = PBXFileReference; lastKnownFileType = sourcecode.c.objc; path = AppDelegate.m; sourceTree = "<group>"; };
		CEF681971A5E3223008E4986 /* ViewController.h */ = {isa = PBXFileReference; lastKnownFileType = sourcecode.c.h; path = ViewController.h; sourceTree = "<group>"; };
		CEF681981A5E3223008E4986 /* ViewController.m */ = {isa = PBXFileReference; lastKnownFileType = sourcecode.c.objc; path = ViewController.m; sourceTree = "<group>"; };
		CEF6819B1A5E3223008E4986 /* Base */ = {isa = PBXFileReference; lastKnownFileType = file.storyboard; name = Base; path = Base.lproj/Main.storyboard; sourceTree = "<group>"; };
		CEF6819D1A5E3223008E4986 /* Images.xcassets */ = {isa = PBXFileReference; lastKnownFileType = folder.assetcatalog; path = Images.xcassets; sourceTree = "<group>"; };
		CEF681A01A5E3223008E4986 /* Base */ = {isa = PBXFileReference; lastKnownFileType = file.xib; name = Base; path = Base.lproj/LaunchScreen.xib; sourceTree = "<group>"; };
		CEF681A61A5E3223008E4986 /* LHFakeDataBuidlerTests.xctest */ = {isa = PBXFileReference; explicitFileType = wrapper.cfbundle; includeInIndex = 0; path = LHFakeDataBuidlerTests.xctest; sourceTree = BUILT_PRODUCTS_DIR; };
		CEF681AB1A5E3223008E4986 /* Info.plist */ = {isa = PBXFileReference; lastKnownFileType = text.plist.xml; path = Info.plist; sourceTree = "<group>"; };
		CEF681AC1A5E3223008E4986 /* LHFakeDataBuidlerTests.m */ = {isa = PBXFileReference; lastKnownFileType = sourcecode.c.objc; path = LHFakeDataBuidlerTests.m; sourceTree = "<group>"; };
		CEF681B71A5E326D008E4986 /* LHFakeDataBuilder.h */ = {isa = PBXFileReference; fileEncoding = 4; lastKnownFileType = sourcecode.c.h; path = LHFakeDataBuilder.h; sourceTree = "<group>"; };
		CEF681B81A5E326D008E4986 /* LHFakeDataBuilder.m */ = {isa = PBXFileReference; fileEncoding = 4; lastKnownFileType = sourcecode.c.objc; path = LHFakeDataBuilder.m; sourceTree = "<group>"; };
/* End PBXFileReference section */

/* Begin PBXFrameworksBuildPhase section */
		CEF6818A1A5E3223008E4986 /* Frameworks */ = {
			isa = PBXFrameworksBuildPhase;
			buildActionMask = 2147483647;
			files = (
			);
			runOnlyForDeploymentPostprocessing = 0;
		};
		CEF681A31A5E3223008E4986 /* Frameworks */ = {
			isa = PBXFrameworksBuildPhase;
			buildActionMask = 2147483647;
			files = (
			);
			runOnlyForDeploymentPostprocessing = 0;
		};
/* End PBXFrameworksBuildPhase section */

/* Begin PBXGroup section */
		CEF681841A5E3223008E4986 = {
			isa = PBXGroup;
			children = (
				CEF6818F1A5E3223008E4986 /* LHFakeDataBuidler */,
				CEF681A91A5E3223008E4986 /* LHFakeDataBuidlerTests */,
				CEF6818E1A5E3223008E4986 /* Products */,
			);
			sourceTree = "<group>";
		};
		CEF6818E1A5E3223008E4986 /* Products */ = {
			isa = PBXGroup;
			children = (
				CEF6818D1A5E3223008E4986 /* LHFakeDataBuidler.app */,
				CEF681A61A5E3223008E4986 /* LHFakeDataBuidlerTests.xctest */,
			);
			name = Products;
			sourceTree = "<group>";
		};
		CEF6818F1A5E3223008E4986 /* LHFakeDataBuidler */ = {
			isa = PBXGroup;
			children = (
				CEF681B61A5E322E008E4986 /* Classes */,
				CEF681941A5E3223008E4986 /* AppDelegate.h */,
				CEF681951A5E3223008E4986 /* AppDelegate.m */,
				CEF681971A5E3223008E4986 /* ViewController.h */,
				CEF681981A5E3223008E4986 /* ViewController.m */,
				CEF6819A1A5E3223008E4986 /* Main.storyboard */,
				CEF6819D1A5E3223008E4986 /* Images.xcassets */,
				CEF6819F1A5E3223008E4986 /* LaunchScreen.xib */,
				CEF681901A5E3223008E4986 /* Supporting Files */,
			);
			path = LHFakeDataBuidler;
			sourceTree = "<group>";
		};
		CEF681901A5E3223008E4986 /* Supporting Files */ = {
			isa = PBXGroup;
			children = (
				CEF681911A5E3223008E4986 /* Info.plist */,
				CEF681921A5E3223008E4986 /* main.m */,
			);
			name = "Supporting Files";
			sourceTree = "<group>";
		};
		CEF681A91A5E3223008E4986 /* LHFakeDataBuidlerTests */ = {
			isa = PBXGroup;
			children = (
				CEF681AC1A5E3223008E4986 /* LHFakeDataBuidlerTests.m */,
				CEF681AA1A5E3223008E4986 /* Supporting Files */,
			);
			path = LHFakeDataBuidlerTests;
			sourceTree = "<group>";
		};
		CEF681AA1A5E3223008E4986 /* Supporting Files */ = {
			isa = PBXGroup;
			children = (
				CEF681AB1A5E3223008E4986 /* Info.plist */,
			);
			name = "Supporting Files";
			sourceTree = "<group>";
		};
		CEF681B61A5E322E008E4986 /* Classes */ = {
			isa = PBXGroup;
			children = (
				CEF681B71A5E326D008E4986 /* LHFakeDataBuilder.h */,
				CEF681B81A5E326D008E4986 /* LHFakeDataBuilder.m */,
			);
			name = Classes;
			sourceTree = "<group>";
		};
/* End PBXGroup section */

/* Begin PBXNativeTarget section */
		CEF6818C1A5E3223008E4986 /* LHFakeDataBuidler */ = {
			isa = PBXNativeTarget;
			buildConfigurationList = CEF681B01A5E3223008E4986 /* Build configuration list for PBXNativeTarget "LHFakeDataBuidler" */;
			buildPhases = (
				CEF681891A5E3223008E4986 /* Sources */,
				CEF6818A1A5E3223008E4986 /* Frameworks */,
				CEF6818B1A5E3223008E4986 /* Resources */,
			);
			buildRules = (
			);
			dependencies = (
			);
			name = LHFakeDataBuidler;
			productName = LHFakeDataBuidler;
			productReference = CEF6818D1A5E3223008E4986 /* LHFakeDataBuidler.app */;
			productType = "com.apple.product-type.application";
		};
		CEF681A51A5E3223008E4986 /* LHFakeDataBuidlerTests */ = {
			isa = PBXNativeTarget;
			buildConfigurationList = CEF681B31A5E3223008E4986 /* Build configuration list for PBXNativeTarget "LHFakeDataBuidlerTests" */;
			buildPhases = (
				CEF681A21A5E3223008E4986 /* Sources */,
				CEF681A31A5E3223008E4986 /* Frameworks */,
				CEF681A41A5E3223008E4986 /* Resources */,
			);
			buildRules = (
			);
			dependencies = (
				CEF681A81A5E3223008E4986 /* PBXTargetDependency */,
			);
			name = LHFakeDataBuidlerTests;
			productName = LHFakeDataBuidlerTests;
			productReference = CEF681A61A5E3223008E4986 /* LHFakeDataBuidlerTests.xctest */;
			productType = "com.apple.product-type.bundle.unit-test";
		};
/* End PBXNativeTarget section */

/* Begin PBXProject section */
		CEF681851A5E3223008E4986 /* Project object */ = {
			isa = PBXProject;
			attributes = {
				LastUpgradeCheck = 0600;
				ORGANIZATIONNAME = huji;
				TargetAttributes = {
					CEF6818C1A5E3223008E4986 = {
						CreatedOnToolsVersion = 6.0.1;
					};
					CEF681A51A5E3223008E4986 = {
						CreatedOnToolsVersion = 6.0.1;
						TestTargetID = CEF6818C1A5E3223008E4986;
					};
				};
			};
			buildConfigurationList = CEF681881A5E3223008E4986 /* Build configuration list for PBXProject "LHFakeDataBuidler" */;
			compatibilityVersion = "Xcode 3.2";
			developmentRegion = English;
			hasScannedForEncodings = 0;
			knownRegions = (
				en,
				Base,
			);
			mainGroup = CEF681841A5E3223008E4986;
			productRefGroup = CEF6818E1A5E3223008E4986 /* Products */;
			projectDirPath = "";
			projectRoot = "";
			targets = (
				CEF6818C1A5E3223008E4986 /* LHFakeDataBuidler */,
				CEF681A51A5E3223008E4986 /* LHFakeDataBuidlerTests */,
			);
		};
/* End PBXProject section */

/* Begin PBXResourcesBuildPhase section */
		CEF6818B1A5E3223008E4986 /* Resources */ = {
			isa = PBXResourcesBuildPhase;
			buildActionMask = 2147483647;
			files = (
				CEF6819C1A5E3223008E4986 /* Main.storyboard in Resources */,
				CEF681A11A5E3223008E4986 /* LaunchScreen.xib in Resources */,
				CEF6819E1A5E3223008E4986 /* Images.xcassets in Resources */,
			);
			runOnlyForDeploymentPostprocessing = 0;
		};
		CEF681A41A5E3223008E4986 /* Resources */ = {
			isa = PBXResourcesBuildPhase;
			buildActionMask = 2147483647;
			files = (
			);
			runOnlyForDeploymentPostprocessing = 0;
		};
/* End PBXResourcesBuildPhase section */

/* Begin PBXSourcesBuildPhase section */
		CEF681891A5E3223008E4986 /* Sources */ = {
			isa = PBXSourcesBuildPhase;
			buildActionMask = 2147483647;
			files = (
				CEF681991A5E3223008E4986 /* ViewController.m in Sources */,
				CEF681961A5E3223008E4986 /* AppDelegate.m in Sources */,
				CEF681B91A5E326D008E4986 /* LHFakeDataBuilder.m in Sources */,
				CEF681931A5E3223008E4986 /* main.m in Sources */,
			);
			runOnlyForDeploymentPostprocessing = 0;
		};
		CEF681A21A5E3223008E4986 /* Sources */ = {
			isa = PBXSourcesBuildPhase;
			buildActionMask = 2147483647;
			files = (
				CEF681AD1A5E3223008E4986 /* LHFakeDataBuidlerTests.m in Sources */,
			);
			runOnlyForDeploymentPostprocessing = 0;
		};
/* End PBXSourcesBuildPhase section */

/* Begin PBXTargetDependency section */
		CEF681A81A5E3223008E4986 /* PBXTargetDependency */ = {
			isa = PBXTargetDependency;
			target = CEF6818C1A5E3223008E4986 /* LHFakeDataBuidler */;
			targetProxy = CEF681A71A5E3223008E4986 /* PBXContainerItemProxy */;
		};
/* End PBXTargetDependency section */

/* Begin PBXVariantGroup section */
		CEF6819A1A5E3223008E4986 /* Main.storyboard */ = {
			isa = PBXVariantGroup;
			children = (
				CEF6819B1A5E3223008E4986 /* Base */,
			);
			name = Main.storyboard;
			sourceTree = "<group>";
		};
		CEF6819F1A5E3223008E4986 /* LaunchScreen.xib */ = {
			isa = PBXVariantGroup;
			children = (
				CEF681A01A5E3223008E4986 /* Base */,
			);
			name = LaunchScreen.xib;
			sourceTree = "<group>";
		};
/* End PBXVariantGroup section */

/* Begin XCBuildConfiguration section */
		CEF681AE1A5E3223008E4986 /* Debug */ = {
			isa = XCBuildConfiguration;
			buildSettings = {
				ALWAYS_SEARCH_USER_PATHS = NO;
				CLANG_CXX_LANGUAGE_STANDARD = "gnu++0x";
				CLANG_CXX_LIBRARY = "libc++";
				CLANG_ENABLE_MODULES = YES;
				CLANG_ENABLE_OBJC_ARC = YES;
				CLANG_WARN_BOOL_CONVERSION = YES;
				CLANG_WARN_CONSTANT_CONVERSION = YES;
				CLANG_WARN_DIRECT_OBJC_ISA_USAGE = YES_ERROR;
				CLANG_WARN_EMPTY_BODY = YES;
				CLANG_WARN_ENUM_CONVERSION = YES;
				CLANG_WARN_INT_CONVERSION = YES;
				CLANG_WARN_OBJC_ROOT_CLASS = YES_ERROR;
				CLANG_WARN_UNREACHABLE_CODE = YES;
				CLANG_WARN__DUPLICATE_METHOD_MATCH = YES;
				"CODE_SIGN_IDENTITY[sdk=iphoneos*]" = "iPhone Developer";
				COPY_PHASE_STRIP = NO;
				ENABLE_STRICT_OBJC_MSGSEND = YES;
				GCC_C_LANGUAGE_STANDARD = gnu99;
				GCC_DYNAMIC_NO_PIC = NO;
				GCC_OPTIMIZATION_LEVEL = 0;
				GCC_PREPROCESSOR_DEFINITIONS = (
					"DEBUG=1",
					"$(inherited)",
				);
				GCC_SYMBOLS_PRIVATE_EXTERN = NO;
				GCC_WARN_64_TO_32_BIT_CONVERSION = YES;
				GCC_WARN_ABOUT_RETURN_TYPE = YES_ERROR;
				GCC_WARN_UNDECLARED_SELECTOR = YES;
				GCC_WARN_UNINITIALIZED_AUTOS = YES_AGGRESSIVE;
				GCC_WARN_UNUSED_FUNCTION = YES;
				GCC_WARN_UNUSED_VARIABLE = YES;
				IPHONEOS_DEPLOYMENT_TARGET = 8.0;
				MTL_ENABLE_DEBUG_INFO = YES;
				ONLY_ACTIVE_ARCH = YES;
				SDKROOT = iphoneos;
				TARGETED_DEVICE_FAMILY = "1,2";
			};
			name = Debug;
		};
		CEF681AF1A5E3223008E4986 /* Release */ = {
			isa = XCBuildConfiguration;
			buildSettings = {
				ALWAYS_SEARCH_USER_PATHS = NO;
				CLANG_CXX_LANGUAGE_STANDARD = "gnu++0x";
				CLANG_CXX_LIBRARY = "libc++";
				CLANG_ENABLE_MODULES = YES;
				CLANG_ENABLE_OBJC_ARC = YES;
				CLANG_WARN_BOOL_CONVERSION = YES;
				CLANG_WARN_CONSTANT_CONVERSION = YES;
				CLANG_WARN_DIRECT_OBJC_ISA_USAGE = YES_ERROR;
				CLANG_WARN_EMPTY_BODY = YES;
				CLANG_WARN_ENUM_CONVERSION = YES;
				CLANG_WARN_INT_CONVERSION = YES;
				CLANG_WARN_OBJC_ROOT_CLASS = YES_ERROR;
				CLANG_WARN_UNREACHABLE_CODE = YES;
				CLANG_WARN__DUPLICATE_METHOD_MATCH = YES;
				"CODE_SIGN_IDENTITY[sdk=iphoneos*]" = "iPhone Developer";
				COPY_PHASE_STRIP = YES;
				ENABLE_NS_ASSERTIONS = NO;
				ENABLE_STRICT_OBJC_MSGSEND = YES;
				GCC_C_LANGUAGE_STANDARD = gnu99;
				GCC_WARN_64_TO_32_BIT_CONVERSION = YES;
				GCC_WARN_ABOUT_RETURN_TYPE = YES_ERROR;
				GCC_WARN_UNDECLARED_SELECTOR = YES;
				GCC_WARN_UNINITIALIZED_AUTOS = YES_AGGRESSIVE;
				GCC_WARN_UNUSED_FUNCTION = YES;
				GCC_WARN_UNUSED_VARIABLE = YES;
				IPHONEOS_DEPLOYMENT_TARGET = 8.0;
				MTL_ENABLE_DEBUG_INFO = NO;
				SDKROOT = iphoneos;
				TARGETED_DEVICE_FAMILY = "1,2";
				VALIDATE_PRODUCT = YES;
			};
			name = Release;
		};
		CEF681B11A5E3223008E4986 /* Debug */ = {
			isa = XCBuildConfiguration;
			buildSettings = {
				ASSETCATALOG_COMPILER_APPICON_NAME = AppIcon;
				INFOPLIST_FILE = LHFakeDataBuidler/Info.plist;
				LD_RUNPATH_SEARCH_PATHS = "$(inherited) @executable_path/Frameworks";
				PRODUCT_NAME = "$(TARGET_NAME)";
			};
			name = Debug;
		};
		CEF681B21A5E3223008E4986 /* Release */ = {
			isa = XCBuildConfiguration;
			buildSettings = {
				ASSETCATALOG_COMPILER_APPICON_NAME = AppIcon;
				INFOPLIST_FILE = LHFakeDataBuidler/Info.plist;
				LD_RUNPATH_SEARCH_PATHS = "$(inherited) @executable_path/Frameworks";
				PRODUCT_NAME = "$(TARGET_NAME)";
			};
			name = Release;
		};
		CEF681B41A5E3223008E4986 /* Debug */ = {
			isa = XCBuildConfiguration;
			buildSettings = {
				BUNDLE_LOADER = "$(TEST_HOST)";
				FRAMEWORK_SEARCH_PATHS = (
					"$(SDKROOT)/Developer/Library/Frameworks",
					"$(inherited)",
				);
				GCC_PREPROCESSOR_DEFINITIONS = (
					"DEBUG=1",
					"$(inherited)",
				);
				INFOPLIST_FILE = LHFakeDataBuidlerTests/Info.plist;
				LD_RUNPATH_SEARCH_PATHS = "$(inherited) @executable_path/Frameworks @loader_path/Frameworks";
				PRODUCT_NAME = "$(TARGET_NAME)";
				TEST_HOST = "$(BUILT_PRODUCTS_DIR)/LHFakeDataBuidler.app/LHFakeDataBuidler";
			};
			name = Debug;
		};
		CEF681B51A5E3223008E4986 /* Release */ = {
			isa = XCBuildConfiguration;
			buildSettings = {
				BUNDLE_LOADER = "$(TEST_HOST)";
				FRAMEWORK_SEARCH_PATHS = (
					"$(SDKROOT)/Developer/Library/Frameworks",
					"$(inherited)",
				);
				INFOPLIST_FILE = LHFakeDataBuidlerTests/Info.plist;
				LD_RUNPATH_SEARCH_PATHS = "$(inherited) @executable_path/Frameworks @loader_path/Frameworks";
				PRODUCT_NAME = "$(TARGET_NAME)";
				TEST_HOST = "$(BUILT_PRODUCTS_DIR)/LHFakeDataBuidler.app/LHFakeDataBuidler";
			};
			name = Release;
		};
/* End XCBuildConfiguration section */

/* Begin XCConfigurationList section */
		CEF681881A5E3223008E4986 /* Build configuration list for PBXProject "LHFakeDataBuidler" */ = {
			isa = XCConfigurationList;
			buildConfigurations = (
				CEF681AE1A5E3223008E4986 /* Debug */,
				CEF681AF1A5E3223008E4986 /* Release */,
			);
			defaultConfigurationIsVisible = 0;
			defaultConfigurationName = Release;
		};
		CEF681B01A5E3223008E4986 /* Build configuration list for PBXNativeTarget "LHFakeDataBuidler" */ = {
			isa = XCConfigurationList;
			buildConfigurations = (
				CEF681B11A5E3223008E4986 /* Debug */,
				CEF681B21A5E3223008E4986 /* Release */,
			);
			defaultConfigurationIsVisible = 0;
		};
		CEF681B31A5E3223008E4986 /* Build configuration list for PBXNativeTarget "LHFakeDataBuidlerTests" */ = {
			isa = XCConfigurationList;
			buildConfigurations = (
				CEF681B41A5E3223008E4986 /* Debug */,
				CEF681B51A5E3223008E4986 /* Release */,
			);
			defaultConfigurationIsVisible = 0;
		};
/* End XCConfigurationList section */
	};
	rootObject = CEF681851A5E3223008E4986 /* Project object */;
}
